
Microsoft Visual Studio Solution File, Format Version 12.00
# Visual Studio 2012
Project("{FAE04EC0-301F-11D3-BF4B-00C04F79EFBC}") = "JewelsAndStones", "JewelsAndStones\JewelsAndStones.csproj", "{402CBE85-3653-4CEC-95ED-4E191BD6A6AD}"
EndProject
Project("{FAE04EC0-301F-11D3-BF4B-00C04F79EFBC}") = "FizzBuzz", "FizzBuzz\FizzBuzz.csproj", "{5A692723-9AD4-4F4C-9498-744E0781BE58}"
EndProject
Project("{FAE04EC0-301F-11D3-BF4B-00C04F79EFBC}") = "TopKFrequentElements", "TopKFrequentElements\TopKFrequentElements.csproj", "{3F7621FE-2996-4A2C-BAFF-C9569C9352B2}"
EndProject
Project("{FAE04EC0-301F-11D3-BF4B-00C04F79EFBC}") = "DecodeString", "DecodeString\DecodeString.csproj", "{995539A8-D2D9-4347-9966-9A20118EFDB8}"
EndProject
Project("{FAE04EC0-301F-11D3-BF4B-00C04F79EFBC}") = "Subsets", "Subsets\Subsets.csproj", "{E49FC7CF-6224-4C85-9C83-9968F185D7A1}"
EndProject
Project("{FAE04EC0-301F-11D3-BF4B-00C04F79EFBC}") = "ValidTriangleNumber", "ValidTriangleNumber\ValidTriangleNumber.csproj", "{F0A14F74-6DC2-46AC-938B-84042DC950BC}"
EndProject
Project("{FAE04EC0-301F-11D3-BF4B-00C04F79EFBC}") = "TwentyFourGame", "TwentyFourGame\TwentyFourGame.csproj", "{3B83B1F2-20C9-4E77-8133-52A054B679A4}"
EndProject
Project("{FAE04EC0-301F-11D3-BF4B-00C04F79EFBC}") = "CouplesHoldingHands", "CouplesHoldingHands\CouplesHoldingHands.csproj", "{3A2D73EC-2F6F-4BA2-80F2-DA5661139D75}"
EndProject
Global
	GlobalSection(SolutionConfigurationPlatforms) = preSolution
		Debug|Any CPU = Debug|Any CPU
		Release|Any CPU = Release|Any CPU
	EndGlobalSection
	GlobalSection(ProjectConfigurationPlatforms) = postSolution
		{402CBE85-3653-4CEC-95ED-4E191BD6A6AD}.Debug|Any CPU.ActiveCfg = Debug|Any CPU
		{402CBE85-3653-4CEC-95ED-4E191BD6A6AD}.Debug|Any CPU.Build.0 = Debug|Any CPU
		{402CBE85-3653-4CEC-95ED-4E191BD6A6AD}.Release|Any CPU.ActiveCfg = Release|Any CPU
		{402CBE85-3653-4CEC-95ED-4E191BD6A6AD}.Release|Any CPU.Build.0 = Release|Any CPU
		{5A692723-9AD4-4F4C-9498-744E0781BE58}.Debug|Any CPU.ActiveCfg = Debug|Any CPU
		{5A692723-9AD4-4F4C-9498-744E0781BE58}.Debug|Any CPU.Build.0 = Debug|Any CPU
		{5A692723-9AD4-4F4C-9498-744E0781BE58}.Release|Any CPU.ActiveCfg = Release|Any CPU
		{5A692723-9AD4-4F4C-9498-744E0781BE58}.Release|Any CPU.Build.0 = Release|Any CPU
		{3F7621FE-2996-4A2C-BAFF-C9569C9352B2}.Debug|Any CPU.ActiveCfg = Debug|Any CPU
		{3F7621FE-2996-4A2C-BAFF-C9569C9352B2}.Debug|Any CPU.Build.0 = Debug|Any CPU
		{3F7621FE-2996-4A2C-BAFF-C9569C9352B2}.Release|Any CPU.ActiveCfg = Release|Any CPU
		{3F7621FE-2996-4A2C-BAFF-C9569C9352B2}.Release|Any CPU.Build.0 = Release|Any CPU
		{995539A8-D2D9-4347-9966-9A20118EFDB8}.Debug|Any CPU.ActiveCfg = Debug|Any CPU
		{995539A8-D2D9-4347-9966-9A20118EFDB8}.Debug|Any CPU.Build.0 = Debug|Any CPU
		{995539A8-D2D9-4347-9966-9A20118EFDB8}.Release|Any CPU.ActiveCfg = Release|Any CPU
		{995539A8-D2D9-4347-9966-9A20118EFDB8}.Release|Any CPU.Build.0 = Release|Any CPU
		{E49FC7CF-6224-4C85-9C83-9968F185D7A1}.Debug|Any CPU.ActiveCfg = Debug|Any CPU
		{E49FC7CF-6224-4C85-9C83-9968F185D7A1}.Debug|Any CPU.Build.0 = Debug|Any CPU
		{E49FC7CF-6224-4C85-9C83-9968F185D7A1}.Release|Any CPU.ActiveCfg = Release|Any CPU
		{E49FC7CF-6224-4C85-9C83-9968F185D7A1}.Release|Any CPU.Build.0 = Release|Any CPU
		{F0A14F74-6DC2-46AC-938B-84042DC950BC}.Debug|Any CPU.ActiveCfg = Debug|Any CPU
		{F0A14F74-6DC2-46AC-938B-84042DC950BC}.Debug|Any CPU.Build.0 = Debug|Any CPU
		{F0A14F74-6DC2-46AC-938B-84042DC950BC}.Release|Any CPU.ActiveCfg = Release|Any CPU
		{F0A14F74-6DC2-46AC-938B-84042DC950BC}.Release|Any CPU.Build.0 = Release|Any CPU
		{3B83B1F2-20C9-4E77-8133-52A054B679A4}.Debug|Any CPU.ActiveCfg = Debug|Any CPU
		{3B83B1F2-20C9-4E77-8133-52A054B679A4}.Debug|Any CPU.Build.0 = Debug|Any CPU
		{3B83B1F2-20C9-4E77-8133-52A054B679A4}.Release|Any CPU.ActiveCfg = Release|Any CPU
		{3B83B1F2-20C9-4E77-8133-52A054B679A4}.Release|Any CPU.Build.0 = Release|Any CPU
		{3A2D73EC-2F6F-4BA2-80F2-DA5661139D75}.Debug|Any CPU.ActiveCfg = Debug|Any CPU
		{3A2D73EC-2F6F-4BA2-80F2-DA5661139D75}.Debug|Any CPU.Build.0 = Debug|Any CPU
		{3A2D73EC-2F6F-4BA2-80F2-DA5661139D75}.Release|Any CPU.ActiveCfg = Release|Any CPU
		{3A2D73EC-2F6F-4BA2-80F2-DA5661139D75}.Release|Any CPU.Build.0 = Release|Any CPU
	EndGlobalSection
EndGlobal
